
Microsoft Visual Studio Solution File, Format Version 12.00
# Visual Studio 15
VisualStudioVersion = 15.0.26124.0
MinimumVisualStudioVersion = 15.0.26124.0
Project("{FAE04EC0-301F-11D3-BF4B-00C04F79EFBC}") = "webapp", "webapp\webapp.csproj", "{D2285723-1DD8-49DC-8AD6-177276989AE4}"
EndProject
Project("{2150E333-8FDC-42A3-9474-1A3956D46DE8}") = "Tests", "Tests", "{1E95A8CC-4880-4711-B2FB-87086491662D}"
EndProject
Project("{FAE04EC0-301F-11D3-BF4B-00C04F79EFBC}") = "Unit", "Tests\Unit\Unit.csproj", "{F004DB24-5144-4EA5-8BE1-84BF23EACED9}"
EndProject
Project("{FAE04EC0-301F-11D3-BF4B-00C04F79EFBC}") = "Domain", "Domain\Domain.csproj", "{7FA0232A-CF1D-41A1-9CDC-F38D344CD9BE}"
EndProject
Project("{FAE04EC0-301F-11D3-BF4B-00C04F79EFBC}") = "Services", "Services\Services.csproj", "{D36B4E2A-5D72-47A8-8225-6F3AD2C806F8}"
EndProject
Project("{FAE04EC0-301F-11D3-BF4B-00C04F79EFBC}") = "Infrastructure", "Infrastructure\Infrastructure.csproj", "{E4444E4E-A946-41AC-8C99-454B3A4ED293}"
EndProject
Global
	GlobalSection(SolutionConfigurationPlatforms) = preSolution
		Debug|Any CPU = Debug|Any CPU
		Debug|x64 = Debug|x64
		Debug|x86 = Debug|x86
		Release|Any CPU = Release|Any CPU
		Release|x64 = Release|x64
		Release|x86 = Release|x86
	EndGlobalSection
	GlobalSection(SolutionProperties) = preSolution
		HideSolutionNode = FALSE
	EndGlobalSection
	GlobalSection(ProjectConfigurationPlatforms) = postSolution
		{D2285723-1DD8-49DC-8AD6-177276989AE4}.Debug|Any CPU.ActiveCfg = Debug|Any CPU
		{D2285723-1DD8-49DC-8AD6-177276989AE4}.Debug|Any CPU.Build.0 = Debug|Any CPU
		{D2285723-1DD8-49DC-8AD6-177276989AE4}.Debug|x64.ActiveCfg = Debug|Any CPU
		{D2285723-1DD8-49DC-8AD6-177276989AE4}.Debug|x64.Build.0 = Debug|Any CPU
		{D2285723-1DD8-49DC-8AD6-177276989AE4}.Debug|x86.ActiveCfg = Debug|Any CPU
		{D2285723-1DD8-49DC-8AD6-177276989AE4}.Debug|x86.Build.0 = Debug|Any CPU
		{D2285723-1DD8-49DC-8AD6-177276989AE4}.Release|Any CPU.ActiveCfg = Release|Any CPU
		{D2285723-1DD8-49DC-8AD6-177276989AE4}.Release|Any CPU.Build.0 = Release|Any CPU
		{D2285723-1DD8-49DC-8AD6-177276989AE4}.Release|x64.ActiveCfg = Release|Any CPU
		{D2285723-1DD8-49DC-8AD6-177276989AE4}.Release|x64.Build.0 = Release|Any CPU
		{D2285723-1DD8-49DC-8AD6-177276989AE4}.Release|x86.ActiveCfg = Release|Any CPU
		{D2285723-1DD8-49DC-8AD6-177276989AE4}.Release|x86.Build.0 = Release|Any CPU
		{F004DB24-5144-4EA5-8BE1-84BF23EACED9}.Debug|Any CPU.ActiveCfg = Debug|Any CPU
		{F004DB24-5144-4EA5-8BE1-84BF23EACED9}.Debug|Any CPU.Build.0 = Debug|Any CPU
		{F004DB24-5144-4EA5-8BE1-84BF23EACED9}.Debug|x64.ActiveCfg = Debug|Any CPU
		{F004DB24-5144-4EA5-8BE1-84BF23EACED9}.Debug|x64.Build.0 = Debug|Any CPU
		{F004DB24-5144-4EA5-8BE1-84BF23EACED9}.Debug|x86.ActiveCfg = Debug|Any CPU
		{F004DB24-5144-4EA5-8BE1-84BF23EACED9}.Debug|x86.Build.0 = Debug|Any CPU
		{F004DB24-5144-4EA5-8BE1-84BF23EACED9}.Release|Any CPU.ActiveCfg = Release|Any CPU
		{F004DB24-5144-4EA5-8BE1-84BF23EACED9}.Release|Any CPU.Build.0 = Release|Any CPU
		{F004DB24-5144-4EA5-8BE1-84BF23EACED9}.Release|x64.ActiveCfg = Release|Any CPU
		{F004DB24-5144-4EA5-8BE1-84BF23EACED9}.Release|x64.Build.0 = Release|Any CPU
		{F004DB24-5144-4EA5-8BE1-84BF23EACED9}.Release|x86.ActiveCfg = Release|Any CPU
		{F004DB24-5144-4EA5-8BE1-84BF23EACED9}.Release|x86.Build.0 = Release|Any CPU
		{7FA0232A-CF1D-41A1-9CDC-F38D344CD9BE}.Debug|Any CPU.ActiveCfg = Debug|Any CPU
		{7FA0232A-CF1D-41A1-9CDC-F38D344CD9BE}.Debug|Any CPU.Build.0 = Debug|Any CPU
		{7FA0232A-CF1D-41A1-9CDC-F38D344CD9BE}.Debug|x64.ActiveCfg = Debug|Any CPU
		{7FA0232A-CF1D-41A1-9CDC-F38D344CD9BE}.Debug|x64.Build.0 = Debug|Any CPU
		{7FA0232A-CF1D-41A1-9CDC-F38D344CD9BE}.Debug|x86.ActiveCfg = Debug|Any CPU
		{7FA0232A-CF1D-41A1-9CDC-F38D344CD9BE}.Debug|x86.Build.0 = Debug|Any CPU
		{7FA0232A-CF1D-41A1-9CDC-F38D344CD9BE}.Release|Any CPU.ActiveCfg = Release|Any CPU
		{7FA0232A-CF1D-41A1-9CDC-F38D344CD9BE}.Release|Any CPU.Build.0 = Release|Any CPU
		{7FA0232A-CF1D-41A1-9CDC-F38D344CD9BE}.Release|x64.ActiveCfg = Release|Any CPU
		{7FA0232A-CF1D-41A1-9CDC-F38D344CD9BE}.Release|x64.Build.0 = Release|Any CPU
		{7FA0232A-CF1D-41A1-9CDC-F38D344CD9BE}.Release|x86.ActiveCfg = Release|Any CPU
		{7FA0232A-CF1D-41A1-9CDC-F38D344CD9BE}.Release|x86.Build.0 = Release|Any CPU
		{D36B4E2A-5D72-47A8-8225-6F3AD2C806F8}.Debug|Any CPU.ActiveCfg = Debug|Any CPU
		{D36B4E2A-5D72-47A8-8225-6F3AD2C806F8}.Debug|Any CPU.Build.0 = Debug|Any CPU
		{D36B4E2A-5D72-47A8-8225-6F3AD2C806F8}.Debug|x64.ActiveCfg = Debug|Any CPU
		{D36B4E2A-5D72-47A8-8225-6F3AD2C806F8}.Debug|x64.Build.0 = Debug|Any CPU
		{D36B4E2A-5D72-47A8-8225-6F3AD2C806F8}.Debug|x86.ActiveCfg = Debug|Any CPU
		{D36B4E2A-5D72-47A8-8225-6F3AD2C806F8}.Debug|x86.Build.0 = Debug|Any CPU
		{D36B4E2A-5D72-47A8-8225-6F3AD2C806F8}.Release|Any CPU.ActiveCfg = Release|Any CPU
		{D36B4E2A-5D72-47A8-8225-6F3AD2C806F8}.Release|Any CPU.Build.0 = Release|Any CPU
		{D36B4E2A-5D72-47A8-8225-6F3AD2C806F8}.Release|x64.ActiveCfg = Release|Any CPU
		{D36B4E2A-5D72-47A8-8225-6F3AD2C806F8}.Release|x64.Build.0 = Release|Any CPU
		{D36B4E2A-5D72-47A8-8225-6F3AD2C806F8}.Release|x86.ActiveCfg = Release|Any CPU
		{D36B4E2A-5D72-47A8-8225-6F3AD2C806F8}.Release|x86.Build.0 = Release|Any CPU
		{E4444E4E-A946-41AC-8C99-454B3A4ED293}.Debug|Any CPU.ActiveCfg = Debug|Any CPU
		{E4444E4E-A946-41AC-8C99-454B3A4ED293}.Debug|Any CPU.Build.0 = Debug|Any CPU
		{E4444E4E-A946-41AC-8C99-454B3A4ED293}.Debug|x64.ActiveCfg = Debug|Any CPU
		{E4444E4E-A946-41AC-8C99-454B3A4ED293}.Debug|x64.Build.0 = Debug|Any CPU
		{E4444E4E-A946-41AC-8C99-454B3A4ED293}.Debug|x86.ActiveCfg = Debug|Any CPU
		{E4444E4E-A946-41AC-8C99-454B3A4ED293}.Debug|x86.Build.0 = Debug|Any CPU
		{E4444E4E-A946-41AC-8C99-454B3A4ED293}.Release|Any CPU.ActiveCfg = Release|Any CPU
		{E4444E4E-A946-41AC-8C99-454B3A4ED293}.Release|Any CPU.Build.0 = Release|Any CPU
		{E4444E4E-A946-41AC-8C99-454B3A4ED293}.Release|x64.ActiveCfg = Release|Any CPU
		{E4444E4E-A946-41AC-8C99-454B3A4ED293}.Release|x64.Build.0 = Release|Any CPU
		{E4444E4E-A946-41AC-8C99-454B3A4ED293}.Release|x86.ActiveCfg = Release|Any CPU
		{E4444E4E-A946-41AC-8C99-454B3A4ED293}.Release|x86.Build.0 = Release|Any CPU
	EndGlobalSection
	GlobalSection(NestedProjects) = preSolution
		{F004DB24-5144-4EA5-8BE1-84BF23EACED9} = {1E95A8CC-4880-4711-B2FB-87086491662D}
	EndGlobalSection
EndGlobal
